
Microsoft Visual Studio Solution File, Format Version 12.00
# Visual Studio Version 17
VisualStudioVersion = 17.14.36221.1
MinimumVisualStudioVersion = 10.0.40219.1
Project("{FAE04EC0-301F-11D3-BF4B-00C04F79EFBC}") = "DecpTableZip", "DecpTableZip\DecpTableZip.csproj", "{292FCC68-0F4D-4523-88AA-D0FF6F177DD9}"
EndProject
Project("{FAE04EC0-301F-11D3-BF4B-00C04F79EFBC}") = "Decryptbytes", "Decryptbytes\Decryptbytes.csproj", "{95CC3B8F-0A0D-4AEE-9428-700EF854C80D}"
EndProject
Project("{FAE04EC0-301F-11D3-BF4B-00C04F79EFBC}") = "Flatbuffer2json", "Flatbuffer2json\Flatbuffer2json.csproj", "{CC5FBA20-6146-4DF0-81A6-9AB353DC4350}"
EndProject
Global
	GlobalSection(SolutionConfigurationPlatforms) = preSolution
		Debug|Any CPU = Debug|Any CPU
		Release|Any CPU = Release|Any CPU
	EndGlobalSection
	GlobalSection(ProjectConfigurationPlatforms) = postSolution
		{292FCC68-0F4D-4523-88AA-D0FF6F177DD9}.Debug|Any CPU.ActiveCfg = Debug|Any CPU
		{292FCC68-0F4D-4523-88AA-D0FF6F177DD9}.Debug|Any CPU.Build.0 = Debug|Any CPU
		{292FCC68-0F4D-4523-88AA-D0FF6F177DD9}.Release|Any CPU.ActiveCfg = Release|Any CPU
		{292FCC68-0F4D-4523-88AA-D0FF6F177DD9}.Release|Any CPU.Build.0 = Release|Any CPU
		{95CC3B8F-0A0D-4AEE-9428-700EF854C80D}.Debug|Any CPU.ActiveCfg = Debug|Any CPU
		{95CC3B8F-0A0D-4AEE-9428-700EF854C80D}.Debug|Any CPU.Build.0 = Debug|Any CPU
		{95CC3B8F-0A0D-4AEE-9428-700EF854C80D}.Release|Any CPU.ActiveCfg = Release|Any CPU
		{95CC3B8F-0A0D-4AEE-9428-700EF854C80D}.Release|Any CPU.Build.0 = Release|Any CPU
		{CC5FBA20-6146-4DF0-81A6-9AB353DC4350}.Debug|Any CPU.ActiveCfg = Debug|Any CPU
		{CC5FBA20-6146-4DF0-81A6-9AB353DC4350}.Debug|Any CPU.Build.0 = Debug|Any CPU
		{CC5FBA20-6146-4DF0-81A6-9AB353DC4350}.Release|Any CPU.ActiveCfg = Release|Any CPU
		{CC5FBA20-6146-4DF0-81A6-9AB353DC4350}.Release|Any CPU.Build.0 = Release|Any CPU
	EndGlobalSection
	GlobalSection(SolutionProperties) = preSolution
		HideSolutionNode = FALSE
	EndGlobalSection
	GlobalSection(ExtensibilityGlobals) = postSolution
		SolutionGuid = {042BCCC1-0A4C-4C4D-813D-C7177CFD8AEA}
	EndGlobalSection
EndGlobal
